// !$*UTF8*$!
{
	archiveVersion = 1;
	classes = {
	};
	objectVersion = 46;
	objects = {

/* Begin PBXBuildFile section */
		5A1D3B3E1DAE142C00DE2266 /* Main.storyboard in Resources */ = {isa = PBXBuildFile; fileRef = 5A1D3B3C1DAE142C00DE2266 /* Main.storyboard */; };
		5A1D3B401DAE142C00DE2266 /* Assets.xcassets in Resources */ = {isa = PBXBuildFile; fileRef = 5A1D3B3F1DAE142C00DE2266 /* Assets.xcassets */; };
		5A1D3B431DAE142C00DE2266 /* LaunchScreen.storyboard in Resources */ = {isa = PBXBuildFile; fileRef = 5A1D3B411DAE142C00DE2266 /* LaunchScreen.storyboard */; };
		5A1D3B4B1DAE14F000DE2266 /* AppDelegate.swift in Sources */ = {isa = PBXBuildFile; fileRef = 5A1D3B4A1DAE14F000DE2266 /* AppDelegate.swift */; };
		5A1D3B591DAE14F900DE2266 /* EditVPNViewController.swift in Sources */ = {isa = PBXBuildFile; fileRef = 5A1D3B4D1DAE14F900DE2266 /* EditVPNViewController.swift */; };
		5A1D3B5A1DAE14F900DE2266 /* SettingViewController.swift in Sources */ = {isa = PBXBuildFile; fileRef = 5A1D3B4E1DAE14F900DE2266 /* SettingViewController.swift */; };
		5A1D3B5B1DAE14F900DE2266 /* VPNListViewController.swift in Sources */ = {isa = PBXBuildFile; fileRef = 5A1D3B4F1DAE14F900DE2266 /* VPNListViewController.swift */; };
		5A1D3B5C1DAE14F900DE2266 /* VPNAccount.swift in Sources */ = {isa = PBXBuildFile; fileRef = 5A1D3B511DAE14F900DE2266 /* VPNAccount.swift */; };
		5A1D3B5D1DAE14F900DE2266 /* KeychainServices.swift in Sources */ = {isa = PBXBuildFile; fileRef = 5A1D3B531DAE14F900DE2266 /* KeychainServices.swift */; };
		5A1D3B5E1DAE14F900DE2266 /* StorageManager.swift in Sources */ = {isa = PBXBuildFile; fileRef = 5A1D3B541DAE14F900DE2266 /* StorageManager.swift */; };
		5A1D3B5F1DAE14F900DE2266 /* VPNManager.swift in Sources */ = {isa = PBXBuildFile; fileRef = 5A1D3B551DAE14F900DE2266 /* VPNManager.swift */; };
		5A1D3B601DAE14F900DE2266 /* VPNCell.swift in Sources */ = {isa = PBXBuildFile; fileRef = 5A1D3B571DAE14F900DE2266 /* VPNCell.swift */; };
		5A1D3B611DAE14F900DE2266 /* VPNStatusCell.swift in Sources */ = {isa = PBXBuildFile; fileRef = 5A1D3B581DAE14F900DE2266 /* VPNStatusCell.swift */; };
		5A1D3B6B1DAE174800DE2266 /* NotificationCenter.framework in Frameworks */ = {isa = PBXBuildFile; fileRef = 5A1D3B6A1DAE174800DE2266 /* NotificationCenter.framework */; };
		5A1D3B6E1DAE174800DE2266 /* TodayViewController.swift in Sources */ = {isa = PBXBuildFile; fileRef = 5A1D3B6D1DAE174800DE2266 /* TodayViewController.swift */; };
		5A1D3B711DAE174800DE2266 /* MainInterface.storyboard in Resources */ = {isa = PBXBuildFile; fileRef = 5A1D3B6F1DAE174800DE2266 /* MainInterface.storyboard */; };
		5A1D3B751DAE174800DE2266 /* TodayExtension.appex in Embed App Extensions */ = {isa = PBXBuildFile; fileRef = 5A1D3B691DAE174800DE2266 /* TodayExtension.appex */; settings = {ATTRIBUTES = (RemoveHeadersOnCopy, ); }; };
		5A1D3B7A1DAE19B200DE2266 /* KeychainServices.swift in Sources */ = {isa = PBXBuildFile; fileRef = 5A1D3B531DAE14F900DE2266 /* KeychainServices.swift */; };
		5A1D3B7B1DAE19B200DE2266 /* StorageManager.swift in Sources */ = {isa = PBXBuildFile; fileRef = 5A1D3B541DAE14F900DE2266 /* StorageManager.swift */; };
		5A1D3B7C1DAE19B200DE2266 /* VPNManager.swift in Sources */ = {isa = PBXBuildFile; fileRef = 5A1D3B551DAE14F900DE2266 /* VPNManager.swift */; };
		5A1D3B7D1DAE1F2100DE2266 /* VPNAccount.swift in Sources */ = {isa = PBXBuildFile; fileRef = 5A1D3B511DAE14F900DE2266 /* VPNAccount.swift */; };
		5A1D3B871DAE2A8700DE2266 /* NetworkExtension.framework in Frameworks */ = {isa = PBXBuildFile; fileRef = 5A1D3B861DAE2A8700DE2266 /* NetworkExtension.framework */; };
		5A56B74A1DAE2CFB0009E85F /* NetworkExtension.framework in Frameworks */ = {isa = PBXBuildFile; fileRef = 5A1D3B861DAE2A8700DE2266 /* NetworkExtension.framework */; };
		5AB3617F1DB6157800B30221 /* UIColor+Extension.swift in Sources */ = {isa = PBXBuildFile; fileRef = 5AB3617E1DB6157800B30221 /* UIColor+Extension.swift */; };
		5ADE0F4E1DCDCD4E00E98B93 /* UIDevice+Extension.swift in Sources */ = {isa = PBXBuildFile; fileRef = 5ADE0F4D1DCDCD4E00E98B93 /* UIDevice+Extension.swift */; };
		5ADE0F4F1DCDD1A100E98B93 /* UIDevice+Extension.swift in Sources */ = {isa = PBXBuildFile; fileRef = 5ADE0F4D1DCDCD4E00E98B93 /* UIDevice+Extension.swift */; };
		5ADE0F501DCDD1A300E98B93 /* UIColor+Extension.swift in Sources */ = {isa = PBXBuildFile; fileRef = 5AB3617E1DB6157800B30221 /* UIColor+Extension.swift */; };
		5ADE0F511DCDD28000E98B93 /* Assets.xcassets in Resources */ = {isa = PBXBuildFile; fileRef = 5A1D3B3F1DAE142C00DE2266 /* Assets.xcassets */; };
		5D343BE40370DD082C9DC6B2 /* Pods_TodayExtension.framework in Frameworks */ = {isa = PBXBuildFile; fileRef = 778389684106B662B4E83231 /* Pods_TodayExtension.framework */; };
		AD4644B7058CC43AE7EACC74 /* Pods_VPNSwitch.framework in Frameworks */ = {isa = PBXBuildFile; fileRef = 8BC4145994379C92D090C1B8 /* Pods_VPNSwitch.framework */; };
/* End PBXBuildFile section */

/* Begin PBXContainerItemProxy section */
		5A1D3B731DAE174800DE2266 /* PBXContainerItemProxy */ = {
			isa = PBXContainerItemProxy;
			containerPortal = 5A1D3B2D1DAE142C00DE2266 /* Project object */;
			proxyType = 1;
			remoteGlobalIDString = 5A1D3B681DAE174800DE2266;
			remoteInfo = TodayExtension;
		};
/* End PBXContainerItemProxy section */

/* Begin PBXCopyFilesBuildPhase section */
		5A1D3B791DAE174800DE2266 /* Embed App Extensions */ = {
			isa = PBXCopyFilesBuildPhase;
			buildActionMask = 2147483647;
			dstPath = "";
			dstSubfolderSpec = 13;
			files = (
				5A1D3B751DAE174800DE2266 /* TodayExtension.appex in Embed App Extensions */,
			);
			name = "Embed App Extensions";
			runOnlyForDeploymentPostprocessing = 0;
		};
/* End PBXCopyFilesBuildPhase section */

/* Begin PBXFileReference section */
		4A0DDC78208BA15A99B87518 /* Pods-VPNSwitch.release.xcconfig */ = {isa = PBXFileReference; includeInIndex = 1; lastKnownFileType = text.xcconfig; name = "Pods-VPNSwitch.release.xcconfig"; path = "Pods/Target Support Files/Pods-VPNSwitch/Pods-VPNSwitch.release.xcconfig"; sourceTree = "<group>"; };
		5589B8534B2D9BF9612AD808 /* Pods-VPNSwitch.debug.xcconfig */ = {isa = PBXFileReference; includeInIndex = 1; lastKnownFileType = text.xcconfig; name = "Pods-VPNSwitch.debug.xcconfig"; path = "Pods/Target Support Files/Pods-VPNSwitch/Pods-VPNSwitch.debug.xcconfig"; sourceTree = "<group>"; };
		5A1D3B351DAE142C00DE2266 /* VPNSwitch.app */ = {isa = PBXFileReference; explicitFileType = wrapper.application; includeInIndex = 0; path = VPNSwitch.app; sourceTree = BUILT_PRODUCTS_DIR; };
		5A1D3B3D1DAE142C00DE2266 /* Base */ = {isa = PBXFileReference; lastKnownFileType = file.storyboard; name = Base; path = Base.lproj/Main.storyboard; sourceTree = "<group>"; };
		5A1D3B3F1DAE142C00DE2266 /* Assets.xcassets */ = {isa = PBXFileReference; lastKnownFileType = folder.assetcatalog; path = Assets.xcassets; sourceTree = "<group>"; };
		5A1D3B421DAE142C00DE2266 /* Base */ = {isa = PBXFileReference; lastKnownFileType = file.storyboard; name = Base; path = Base.lproj/LaunchScreen.storyboard; sourceTree = "<group>"; };
		5A1D3B441DAE142C00DE2266 /* Info.plist */ = {isa = PBXFileReference; lastKnownFileType = text.plist.xml; path = Info.plist; sourceTree = "<group>"; };
		5A1D3B4A1DAE14F000DE2266 /* AppDelegate.swift */ = {isa = PBXFileReference; fileEncoding = 4; lastKnownFileType = sourcecode.swift; path = AppDelegate.swift; sourceTree = "<group>"; };
		5A1D3B4D1DAE14F900DE2266 /* EditVPNViewController.swift */ = {isa = PBXFileReference; fileEncoding = 4; lastKnownFileType = sourcecode.swift; path = EditVPNViewController.swift; sourceTree = "<group>"; };
		5A1D3B4E1DAE14F900DE2266 /* SettingViewController.swift */ = {isa = PBXFileReference; fileEncoding = 4; lastKnownFileType = sourcecode.swift; path = SettingViewController.swift; sourceTree = "<group>"; };
		5A1D3B4F1DAE14F900DE2266 /* VPNListViewController.swift */ = {isa = PBXFileReference; fileEncoding = 4; lastKnownFileType = sourcecode.swift; path = VPNListViewController.swift; sourceTree = "<group>"; };
		5A1D3B511DAE14F900DE2266 /* VPNAccount.swift */ = {isa = PBXFileReference; fileEncoding = 4; lastKnownFileType = sourcecode.swift; path = VPNAccount.swift; sourceTree = "<group>"; };
		5A1D3B531DAE14F900DE2266 /* KeychainServices.swift */ = {isa = PBXFileReference; fileEncoding = 4; lastKnownFileType = sourcecode.swift; path = KeychainServices.swift; sourceTree = "<group>"; };
		5A1D3B541DAE14F900DE2266 /* StorageManager.swift */ = {isa = PBXFileReference; fileEncoding = 4; lastKnownFileType = sourcecode.swift; path = StorageManager.swift; sourceTree = "<group>"; };
		5A1D3B551DAE14F900DE2266 /* VPNManager.swift */ = {isa = PBXFileReference; fileEncoding = 4; lastKnownFileType = sourcecode.swift; path = VPNManager.swift; sourceTree = "<group>"; };
		5A1D3B571DAE14F900DE2266 /* VPNCell.swift */ = {isa = PBXFileReference; fileEncoding = 4; lastKnownFileType = sourcecode.swift; path = VPNCell.swift; sourceTree = "<group>"; };
		5A1D3B581DAE14F900DE2266 /* VPNStatusCell.swift */ = {isa = PBXFileReference; fileEncoding = 4; lastKnownFileType = sourcecode.swift; path = VPNStatusCell.swift; sourceTree = "<group>"; };
		5A1D3B641DAE150D00DE2266 /* VPNSwitch.entitlements */ = {isa = PBXFileReference; lastKnownFileType = text.plist.entitlements; path = VPNSwitch.entitlements; sourceTree = "<group>"; };
		5A1D3B691DAE174800DE2266 /* TodayExtension.appex */ = {isa = PBXFileReference; explicitFileType = "wrapper.app-extension"; includeInIndex = 0; path = TodayExtension.appex; sourceTree = BUILT_PRODUCTS_DIR; };
		5A1D3B6A1DAE174800DE2266 /* NotificationCenter.framework */ = {isa = PBXFileReference; lastKnownFileType = wrapper.framework; name = NotificationCenter.framework; path = System/Library/Frameworks/NotificationCenter.framework; sourceTree = SDKROOT; };
		5A1D3B6D1DAE174800DE2266 /* TodayViewController.swift */ = {isa = PBXFileReference; lastKnownFileType = sourcecode.swift; path = TodayViewController.swift; sourceTree = "<group>"; };
		5A1D3B701DAE174800DE2266 /* Base */ = {isa = PBXFileReference; lastKnownFileType = file.storyboard; name = Base; path = Base.lproj/MainInterface.storyboard; sourceTree = "<group>"; };
		5A1D3B721DAE174800DE2266 /* Info.plist */ = {isa = PBXFileReference; lastKnownFileType = text.plist.xml; path = Info.plist; sourceTree = "<group>"; };
		5A1D3B7F1DAE239600DE2266 /* TodayExtension.entitlements */ = {isa = PBXFileReference; lastKnownFileType = text.plist.entitlements; path = TodayExtension.entitlements; sourceTree = "<group>"; };
		5A1D3B861DAE2A8700DE2266 /* NetworkExtension.framework */ = {isa = PBXFileReference; lastKnownFileType = wrapper.framework; name = NetworkExtension.framework; path = System/Library/Frameworks/NetworkExtension.framework; sourceTree = SDKROOT; };
		5AB3617E1DB6157800B30221 /* UIColor+Extension.swift */ = {isa = PBXFileReference; fileEncoding = 4; lastKnownFileType = sourcecode.swift; path = "UIColor+Extension.swift"; sourceTree = "<group>"; };
		5ADE0F471DCDC8EE00E98B93 /* zh-Hans */ = {isa = PBXFileReference; lastKnownFileType = text.plist.strings; name = "zh-Hans"; path = "zh-Hans.lproj/Main.strings"; sourceTree = "<group>"; };
		5ADE0F481DCDC8EE00E98B93 /* zh-Hans */ = {isa = PBXFileReference; lastKnownFileType = text.plist.strings; name = "zh-Hans"; path = "zh-Hans.lproj/LaunchScreen.strings"; sourceTree = "<group>"; };
		5ADE0F491DCDC8EF00E98B93 /* zh-Hans */ = {isa = PBXFileReference; lastKnownFileType = text.plist.strings; name = "zh-Hans"; path = "zh-Hans.lproj/MainInterface.strings"; sourceTree = "<group>"; };
		5ADE0F4D1DCDCD4E00E98B93 /* UIDevice+Extension.swift */ = {isa = PBXFileReference; fileEncoding = 4; lastKnownFileType = sourcecode.swift; path = "UIDevice+Extension.swift"; sourceTree = "<group>"; };
		778389684106B662B4E83231 /* Pods_TodayExtension.framework */ = {isa = PBXFileReference; explicitFileType = wrapper.framework; includeInIndex = 0; path = Pods_TodayExtension.framework; sourceTree = BUILT_PRODUCTS_DIR; };
		8BC4145994379C92D090C1B8 /* Pods_VPNSwitch.framework */ = {isa = PBXFileReference; explicitFileType = wrapper.framework; includeInIndex = 0; path = Pods_VPNSwitch.framework; sourceTree = BUILT_PRODUCTS_DIR; };
		B5AF231A5EE8E01F0C3D789E /* Pods-TodayExtension.debug.xcconfig */ = {isa = PBXFileReference; includeInIndex = 1; lastKnownFileType = text.xcconfig; name = "Pods-TodayExtension.debug.xcconfig"; path = "Pods/Target Support Files/Pods-TodayExtension/Pods-TodayExtension.debug.xcconfig"; sourceTree = "<group>"; };
		DF666D60C78BD8CBDF153B75 /* Pods-TodayExtension.release.xcconfig */ = {isa = PBXFileReference; includeInIndex = 1; lastKnownFileType = text.xcconfig; name = "Pods-TodayExtension.release.xcconfig"; path = "Pods/Target Support Files/Pods-TodayExtension/Pods-TodayExtension.release.xcconfig"; sourceTree = "<group>"; };
/* End PBXFileReference section */

/* Begin PBXFrameworksBuildPhase section */
		5A1D3B321DAE142C00DE2266 /* Frameworks */ = {
			isa = PBXFrameworksBuildPhase;
			buildActionMask = 2147483647;
			files = (
				AD4644B7058CC43AE7EACC74 /* Pods_VPNSwitch.framework in Frameworks */,
				5A56B74A1DAE2CFB0009E85F /* NetworkExtension.framework in Frameworks */,
			);
			runOnlyForDeploymentPostprocessing = 0;
		};
		5A1D3B661DAE174800DE2266 /* Frameworks */ = {
			isa = PBXFrameworksBuildPhase;
			buildActionMask = 2147483647;
			files = (
				5A1D3B6B1DAE174800DE2266 /* NotificationCenter.framework in Frameworks */,
				5A1D3B871DAE2A8700DE2266 /* NetworkExtension.framework in Frameworks */,
				5D343BE40370DD082C9DC6B2 /* Pods_TodayExtension.framework in Frameworks */,
			);
			runOnlyForDeploymentPostprocessing = 0;
		};
/* End PBXFrameworksBuildPhase section */

/* Begin PBXGroup section */
		0D1CA7FDD178C4FEC62796C6 /* Frameworks */ = {
			isa = PBXGroup;
			children = (
				5A1D3B861DAE2A8700DE2266 /* NetworkExtension.framework */,
				8BC4145994379C92D090C1B8 /* Pods_VPNSwitch.framework */,
				5A1D3B6A1DAE174800DE2266 /* NotificationCenter.framework */,
				778389684106B662B4E83231 /* Pods_TodayExtension.framework */,
			);
			name = Frameworks;
			sourceTree = "<group>";
		};
		5A1D3B2C1DAE142C00DE2266 = {
			isa = PBXGroup;
			children = (
				5A1D3B371DAE142C00DE2266 /* VPNSwitch */,
				5A1D3B6C1DAE174800DE2266 /* TodayExtension */,
				5A1D3B361DAE142C00DE2266 /* Products */,
				96477DD3DD19A039A83E208C /* Pods */,
				0D1CA7FDD178C4FEC62796C6 /* Frameworks */,
			);
			sourceTree = "<group>";
		};
		5A1D3B361DAE142C00DE2266 /* Products */ = {
			isa = PBXGroup;
			children = (
				5A1D3B351DAE142C00DE2266 /* VPNSwitch.app */,
				5A1D3B691DAE174800DE2266 /* TodayExtension.appex */,
			);
			name = Products;
			sourceTree = "<group>";
		};
		5A1D3B371DAE142C00DE2266 /* VPNSwitch */ = {
			isa = PBXGroup;
			children = (
				5A1D3B641DAE150D00DE2266 /* VPNSwitch.entitlements */,
				5A1D3B4A1DAE14F000DE2266 /* AppDelegate.swift */,
				5A1D3B4C1DAE14F900DE2266 /* Controllers */,
				5A1D3B501DAE14F900DE2266 /* Models */,
				5A1D3B521DAE14F900DE2266 /* Services */,
				5A1D3B561DAE14F900DE2266 /* Views */,
				5AB361791DB6152800B30221 /* Utils */,
				5A1D3B3F1DAE142C00DE2266 /* Assets.xcassets */,
				5A1D3B3C1DAE142C00DE2266 /* Main.storyboard */,
				5A1D3B411DAE142C00DE2266 /* LaunchScreen.storyboard */,
				5A1D3B441DAE142C00DE2266 /* Info.plist */,
			);
			path = VPNSwitch;
			sourceTree = "<group>";
		};
		5A1D3B4C1DAE14F900DE2266 /* Controllers */ = {
			isa = PBXGroup;
			children = (
				5A1D3B4D1DAE14F900DE2266 /* EditVPNViewController.swift */,
				5A1D3B4E1DAE14F900DE2266 /* SettingViewController.swift */,
				5A1D3B4F1DAE14F900DE2266 /* VPNListViewController.swift */,
			);
			path = Controllers;
			sourceTree = "<group>";
		};
		5A1D3B501DAE14F900DE2266 /* Models */ = {
			isa = PBXGroup;
			children = (
				5A1D3B511DAE14F900DE2266 /* VPNAccount.swift */,
			);
			path = Models;
			sourceTree = "<group>";
		};
		5A1D3B521DAE14F900DE2266 /* Services */ = {
			isa = PBXGroup;
			children = (
				5A1D3B531DAE14F900DE2266 /* KeychainServices.swift */,
				5A1D3B541DAE14F900DE2266 /* StorageManager.swift */,
				5A1D3B551DAE14F900DE2266 /* VPNManager.swift */,
			);
			path = Services;
			sourceTree = "<group>";
		};
		5A1D3B561DAE14F900DE2266 /* Views */ = {
			isa = PBXGroup;
			children = (
				5A1D3B571DAE14F900DE2266 /* VPNCell.swift */,
				5A1D3B581DAE14F900DE2266 /* VPNStatusCell.swift */,
			);
			path = Views;
			sourceTree = "<group>";
		};
		5A1D3B6C1DAE174800DE2266 /* TodayExtension */ = {
			isa = PBXGroup;
			children = (
				5A1D3B7F1DAE239600DE2266 /* TodayExtension.entitlements */,
				5A1D3B6D1DAE174800DE2266 /* TodayViewController.swift */,
				5A1D3B6F1DAE174800DE2266 /* MainInterface.storyboard */,
				5A1D3B721DAE174800DE2266 /* Info.plist */,
			);
			path = TodayExtension;
			sourceTree = "<group>";
		};
		5AB361791DB6152800B30221 /* Utils */ = {
			isa = PBXGroup;
			children = (
				5AB3617E1DB6157800B30221 /* UIColor+Extension.swift */,
				5ADE0F4D1DCDCD4E00E98B93 /* UIDevice+Extension.swift */,
			);
			path = Utils;
			sourceTree = "<group>";
		};
		96477DD3DD19A039A83E208C /* Pods */ = {
			isa = PBXGroup;
			children = (
				5589B8534B2D9BF9612AD808 /* Pods-VPNSwitch.debug.xcconfig */,
				4A0DDC78208BA15A99B87518 /* Pods-VPNSwitch.release.xcconfig */,
				B5AF231A5EE8E01F0C3D789E /* Pods-TodayExtension.debug.xcconfig */,
				DF666D60C78BD8CBDF153B75 /* Pods-TodayExtension.release.xcconfig */,
			);
			name = Pods;
			sourceTree = "<group>";
		};
/* End PBXGroup section */

/* Begin PBXNativeTarget section */
		5A1D3B341DAE142C00DE2266 /* VPNSwitch */ = {
			isa = PBXNativeTarget;
			buildConfigurationList = 5A1D3B471DAE142C00DE2266 /* Build configuration list for PBXNativeTarget "VPNSwitch" */;
			buildPhases = (
				55A6975762ECA3A6D7653EF2 /* [CP] Check Pods Manifest.lock */,
				5A1D3B311DAE142C00DE2266 /* Sources */,
				5A1D3B321DAE142C00DE2266 /* Frameworks */,
				5A1D3B331DAE142C00DE2266 /* Resources */,
				2624962429912CEF2D130A20 /* [CP] Embed Pods Frameworks */,
				9918C63FB6AEC4FA3BC8A136 /* [CP] Copy Pods Resources */,
				5A1D3B791DAE174800DE2266 /* Embed App Extensions */,
			);
			buildRules = (
			);
			dependencies = (
				5A1D3B741DAE174800DE2266 /* PBXTargetDependency */,
			);
			name = VPNSwitch;
			productName = VPNSwitch;
			productReference = 5A1D3B351DAE142C00DE2266 /* VPNSwitch.app */;
			productType = "com.apple.product-type.application";
		};
		5A1D3B681DAE174800DE2266 /* TodayExtension */ = {
			isa = PBXNativeTarget;
			buildConfigurationList = 5A1D3B781DAE174800DE2266 /* Build configuration list for PBXNativeTarget "TodayExtension" */;
			buildPhases = (
				6806A61ED1496D102E60D0D7 /* [CP] Check Pods Manifest.lock */,
				5A1D3B651DAE174800DE2266 /* Sources */,
				5A1D3B661DAE174800DE2266 /* Frameworks */,
				5A1D3B671DAE174800DE2266 /* Resources */,
				26646E7C9B67560B4760AEA6 /* [CP] Copy Pods Resources */,
			);
			buildRules = (
			);
			dependencies = (
			);
			name = TodayExtension;
			productName = TodayExtension;
			productReference = 5A1D3B691DAE174800DE2266 /* TodayExtension.appex */;
			productType = "com.apple.product-type.app-extension";
		};
/* End PBXNativeTarget section */

/* Begin PBXProject section */
		5A1D3B2D1DAE142C00DE2266 /* Project object */ = {
			isa = PBXProject;
			attributes = {
				LastSwiftUpdateCheck = 0800;
				LastUpgradeCheck = 0800;
				ORGANIZATIONNAME = Zzy;
				TargetAttributes = {
					5A1D3B341DAE142C00DE2266 = {
						CreatedOnToolsVersion = 8.0;
						DevelopmentTeam = LMJACF6T63;
						LastSwiftMigration = 0800;
						ProvisioningStyle = Manual;
						SystemCapabilities = {
							com.apple.ApplicationGroups.iOS = {
								enabled = 1;
							};
							com.apple.Keychain = {
								enabled = 1;
							};
							com.apple.VPNLite = {
								enabled = 1;
							};
						};
					};
					5A1D3B681DAE174800DE2266 = {
						CreatedOnToolsVersion = 8.0;
						DevelopmentTeam = LMJACF6T63;
						ProvisioningStyle = Manual;
						SystemCapabilities = {
							com.apple.ApplicationGroups.iOS = {
								enabled = 1;
							};
							com.apple.Keychain = {
								enabled = 1;
							};
							com.apple.VPNLite = {
								enabled = 1;
							};
						};
					};
				};
			};
			buildConfigurationList = 5A1D3B301DAE142C00DE2266 /* Build configuration list for PBXProject "VPNSwitch" */;
			compatibilityVersion = "Xcode 3.2";
			developmentRegion = English;
			hasScannedForEncodings = 0;
			knownRegions = (
				Base,
			);
			mainGroup = 5A1D3B2C1DAE142C00DE2266;
			productRefGroup = 5A1D3B361DAE142C00DE2266 /* Products */;
			projectDirPath = "";
			projectRoot = "";
			targets = (
				5A1D3B341DAE142C00DE2266 /* VPNSwitch */,
				5A1D3B681DAE174800DE2266 /* TodayExtension */,
			);
		};
/* End PBXProject section */

/* Begin PBXResourcesBuildPhase section */
		5A1D3B331DAE142C00DE2266 /* Resources */ = {
			isa = PBXResourcesBuildPhase;
			buildActionMask = 2147483647;
			files = (
				5A1D3B431DAE142C00DE2266 /* LaunchScreen.storyboard in Resources */,
				5A1D3B401DAE142C00DE2266 /* Assets.xcassets in Resources */,
				5A1D3B3E1DAE142C00DE2266 /* Main.storyboard in Resources */,
			);
			runOnlyForDeploymentPostprocessing = 0;
		};
		5A1D3B671DAE174800DE2266 /* Resources */ = {
			isa = PBXResourcesBuildPhase;
			buildActionMask = 2147483647;
			files = (
				5ADE0F511DCDD28000E98B93 /* Assets.xcassets in Resources */,
				5A1D3B711DAE174800DE2266 /* MainInterface.storyboard in Resources */,
			);
			runOnlyForDeploymentPostprocessing = 0;
		};
/* End PBXResourcesBuildPhase section */

/* Begin PBXShellScriptBuildPhase section */
		2624962429912CEF2D130A20 /* [CP] Embed Pods Frameworks */ = {
			isa = PBXShellScriptBuildPhase;
			buildActionMask = 2147483647;
			files = (
			);
			inputPaths = (
			);
			name = "[CP] Embed Pods Frameworks";
			outputPaths = (
			);
			runOnlyForDeploymentPostprocessing = 0;
			shellPath = /bin/sh;
			shellScript = "\"${SRCROOT}/Pods/Target Support Files/Pods-VPNSwitch/Pods-VPNSwitch-frameworks.sh\"\n";
			showEnvVarsInLog = 0;
		};
		26646E7C9B67560B4760AEA6 /* [CP] Copy Pods Resources */ = {
			isa = PBXShellScriptBuildPhase;
			buildActionMask = 2147483647;
			files = (
			);
			inputPaths = (
			);
			name = "[CP] Copy Pods Resources";
			outputPaths = (
			);
			runOnlyForDeploymentPostprocessing = 0;
			shellPath = /bin/sh;
			shellScript = "\"${SRCROOT}/Pods/Target Support Files/Pods-TodayExtension/Pods-TodayExtension-resources.sh\"\n";
			showEnvVarsInLog = 0;
		};
		55A6975762ECA3A6D7653EF2 /* [CP] Check Pods Manifest.lock */ = {
			isa = PBXShellScriptBuildPhase;
			buildActionMask = 2147483647;
			files = (
			);
			inputPaths = (
			);
			name = "[CP] Check Pods Manifest.lock";
			outputPaths = (
			);
			runOnlyForDeploymentPostprocessing = 0;
			shellPath = /bin/sh;
			shellScript = "diff \"${PODS_ROOT}/../Podfile.lock\" \"${PODS_ROOT}/Manifest.lock\" > /dev/null\nif [ $? != 0 ] ; then\n    # print error to STDERR\n    echo \"error: The sandbox is not in sync with the Podfile.lock. Run 'pod install' or update your CocoaPods installation.\" >&2\n    exit 1\nfi\n";
			showEnvVarsInLog = 0;
		};
		6806A61ED1496D102E60D0D7 /* [CP] Check Pods Manifest.lock */ = {
			isa = PBXShellScriptBuildPhase;
			buildActionMask = 2147483647;
			files = (
			);
			inputPaths = (
			);
			name = "[CP] Check Pods Manifest.lock";
			outputPaths = (
			);
			runOnlyForDeploymentPostprocessing = 0;
			shellPath = /bin/sh;
			shellScript = "diff \"${PODS_ROOT}/../Podfile.lock\" \"${PODS_ROOT}/Manifest.lock\" > /dev/null\nif [ $? != 0 ] ; then\n    # print error to STDERR\n    echo \"error: The sandbox is not in sync with the Podfile.lock. Run 'pod install' or update your CocoaPods installation.\" >&2\n    exit 1\nfi\n";
			showEnvVarsInLog = 0;
		};
		9918C63FB6AEC4FA3BC8A136 /* [CP] Copy Pods Resources */ = {
			isa = PBXShellScriptBuildPhase;
			buildActionMask = 2147483647;
			files = (
			);
			inputPaths = (
			);
			name = "[CP] Copy Pods Resources";
			outputPaths = (
			);
			runOnlyForDeploymentPostprocessing = 0;
			shellPath = /bin/sh;
			shellScript = "\"${SRCROOT}/Pods/Target Support Files/Pods-VPNSwitch/Pods-VPNSwitch-resources.sh\"\n";
			showEnvVarsInLog = 0;
		};
/* End PBXShellScriptBuildPhase section */

/* Begin PBXSourcesBuildPhase section */
		5A1D3B311DAE142C00DE2266 /* Sources */ = {
			isa = PBXSourcesBuildPhase;
			buildActionMask = 2147483647;
			files = (
				5A1D3B5C1DAE14F900DE2266 /* VPNAccount.swift in Sources */,
				5ADE0F4E1DCDCD4E00E98B93 /* UIDevice+Extension.swift in Sources */,
				5A1D3B4B1DAE14F000DE2266 /* AppDelegate.swift in Sources */,
				5A1D3B5F1DAE14F900DE2266 /* VPNManager.swift in Sources */,
				5A1D3B5B1DAE14F900DE2266 /* VPNListViewController.swift in Sources */,
				5A1D3B5E1DAE14F900DE2266 /* StorageManager.swift in Sources */,
				5A1D3B5D1DAE14F900DE2266 /* KeychainServices.swift in Sources */,
				5A1D3B591DAE14F900DE2266 /* EditVPNViewController.swift in Sources */,
				5A1D3B601DAE14F900DE2266 /* VPNCell.swift in Sources */,
				5A1D3B611DAE14F900DE2266 /* VPNStatusCell.swift in Sources */,
				5AB3617F1DB6157800B30221 /* UIColor+Extension.swift in Sources */,
				5A1D3B5A1DAE14F900DE2266 /* SettingViewController.swift in Sources */,
			);
			runOnlyForDeploymentPostprocessing = 0;
		};
		5A1D3B651DAE174800DE2266 /* Sources */ = {
			isa = PBXSourcesBuildPhase;
			buildActionMask = 2147483647;
			files = (
				5ADE0F501DCDD1A300E98B93 /* UIColor+Extension.swift in Sources */,
				5A1D3B7D1DAE1F2100DE2266 /* VPNAccount.swift in Sources */,
				5ADE0F4F1DCDD1A100E98B93 /* UIDevice+Extension.swift in Sources */,
				5A1D3B7B1DAE19B200DE2266 /* StorageManager.swift in Sources */,
				5A1D3B6E1DAE174800DE2266 /* TodayViewController.swift in Sources */,
				5A1D3B7C1DAE19B200DE2266 /* VPNManager.swift in Sources */,
				5A1D3B7A1DAE19B200DE2266 /* KeychainServices.swift in Sources */,
			);
			runOnlyForDeploymentPostprocessing = 0;
		};
/* End PBXSourcesBuildPhase section */

/* Begin PBXTargetDependency section */
		5A1D3B741DAE174800DE2266 /* PBXTargetDependency */ = {
			isa = PBXTargetDependency;
			target = 5A1D3B681DAE174800DE2266 /* TodayExtension */;
			targetProxy = 5A1D3B731DAE174800DE2266 /* PBXContainerItemProxy */;
		};
/* End PBXTargetDependency section */

/* Begin PBXVariantGroup section */
		5A1D3B3C1DAE142C00DE2266 /* Main.storyboard */ = {
			isa = PBXVariantGroup;
			children = (
				5A1D3B3D1DAE142C00DE2266 /* Base */,
				5ADE0F471DCDC8EE00E98B93 /* zh-Hans */,
			);
			name = Main.storyboard;
			sourceTree = "<group>";
		};
		5A1D3B411DAE142C00DE2266 /* LaunchScreen.storyboard */ = {
			isa = PBXVariantGroup;
			children = (
				5A1D3B421DAE142C00DE2266 /* Base */,
				5ADE0F481DCDC8EE00E98B93 /* zh-Hans */,
			);
			name = LaunchScreen.storyboard;
			sourceTree = "<group>";
		};
		5A1D3B6F1DAE174800DE2266 /* MainInterface.storyboard */ = {
			isa = PBXVariantGroup;
			children = (
				5A1D3B701DAE174800DE2266 /* Base */,
				5ADE0F491DCDC8EF00E98B93 /* zh-Hans */,
			);
			name = MainInterface.storyboard;
			sourceTree = "<group>";
		};
/* End PBXVariantGroup section */

/* Begin XCBuildConfiguration section */
		5A1D3B451DAE142C00DE2266 /* Debug */ = {
			isa = XCBuildConfiguration;
			buildSettings = {
				ALWAYS_SEARCH_USER_PATHS = NO;
				CLANG_ANALYZER_LOCALIZABILITY_NONLOCALIZED = YES;
				CLANG_ANALYZER_NONNULL = YES;
				CLANG_CXX_LANGUAGE_STANDARD = "gnu++0x";
				CLANG_CXX_LIBRARY = "libc++";
				CLANG_ENABLE_MODULES = YES;
				CLANG_ENABLE_OBJC_ARC = YES;
				CLANG_WARN_BOOL_CONVERSION = YES;
				CLANG_WARN_CONSTANT_CONVERSION = YES;
				CLANG_WARN_DIRECT_OBJC_ISA_USAGE = YES_ERROR;
				CLANG_WARN_DOCUMENTATION_COMMENTS = YES;
				CLANG_WARN_EMPTY_BODY = YES;
				CLANG_WARN_ENUM_CONVERSION = YES;
				CLANG_WARN_INFINITE_RECURSION = YES;
				CLANG_WARN_INT_CONVERSION = YES;
				CLANG_WARN_OBJC_ROOT_CLASS = YES_ERROR;
				CLANG_WARN_SUSPICIOUS_MOVE = YES;
				CLANG_WARN_SUSPICIOUS_MOVES = YES;
				CLANG_WARN_UNREACHABLE_CODE = YES;
				CLANG_WARN__DUPLICATE_METHOD_MATCH = YES;
				"CODE_SIGN_IDENTITY[sdk=iphoneos*]" = "iPhone Developer";
				COPY_PHASE_STRIP = NO;
				DEBUG_INFORMATION_FORMAT = dwarf;
				ENABLE_STRICT_OBJC_MSGSEND = YES;
				ENABLE_TESTABILITY = YES;
				GCC_C_LANGUAGE_STANDARD = gnu99;
				GCC_DYNAMIC_NO_PIC = NO;
				GCC_NO_COMMON_BLOCKS = YES;
				GCC_OPTIMIZATION_LEVEL = 0;
				GCC_PREPROCESSOR_DEFINITIONS = (
					"DEBUG=1",
					"$(inherited)",
				);
				GCC_WARN_64_TO_32_BIT_CONVERSION = YES;
				GCC_WARN_ABOUT_RETURN_TYPE = YES_ERROR;
				GCC_WARN_UNDECLARED_SELECTOR = YES;
				GCC_WARN_UNINITIALIZED_AUTOS = YES_AGGRESSIVE;
				GCC_WARN_UNUSED_FUNCTION = YES;
				GCC_WARN_UNUSED_VARIABLE = YES;
				IPHONEOS_DEPLOYMENT_TARGET = 10.0;
				MTL_ENABLE_DEBUG_INFO = YES;
				ONLY_ACTIVE_ARCH = YES;
				SDKROOT = iphoneos;
				SWIFT_ACTIVE_COMPILATION_CONDITIONS = DEBUG;
				SWIFT_OPTIMIZATION_LEVEL = "-Onone";
				TARGETED_DEVICE_FAMILY = "1,2";
			};
			name = Debug;
		};
		5A1D3B461DAE142C00DE2266 /* Release */ = {
			isa = XCBuildConfiguration;
			buildSettings = {
				ALWAYS_SEARCH_USER_PATHS = NO;
				CLANG_ANALYZER_LOCALIZABILITY_NONLOCALIZED = YES;
				CLANG_ANALYZER_NONNULL = YES;
				CLANG_CXX_LANGUAGE_STANDARD = "gnu++0x";
				CLANG_CXX_LIBRARY = "libc++";
				CLANG_ENABLE_MODULES = YES;
				CLANG_ENABLE_OBJC_ARC = YES;
				CLANG_WARN_BOOL_CONVERSION = YES;
				CLANG_WARN_CONSTANT_CONVERSION = YES;
				CLANG_WARN_DIRECT_OBJC_ISA_USAGE = YES_ERROR;
				CLANG_WARN_DOCUMENTATION_COMMENTS = YES;
				CLANG_WARN_EMPTY_BODY = YES;
				CLANG_WARN_ENUM_CONVERSION = YES;
				CLANG_WARN_INFINITE_RECURSION = YES;
				CLANG_WARN_INT_CONVERSION = YES;
				CLANG_WARN_OBJC_ROOT_CLASS = YES_ERROR;
				CLANG_WARN_SUSPICIOUS_MOVE = YES;
				CLANG_WARN_SUSPICIOUS_MOVES = YES;
				CLANG_WARN_UNREACHABLE_CODE = YES;
				CLANG_WARN__DUPLICATE_METHOD_MATCH = YES;
				"CODE_SIGN_IDENTITY[sdk=iphoneos*]" = "iPhone Developer";
				COPY_PHASE_STRIP = NO;
				DEBUG_INFORMATION_FORMAT = "dwarf-with-dsym";
				ENABLE_NS_ASSERTIONS = NO;
				ENABLE_STRICT_OBJC_MSGSEND = YES;
				GCC_C_LANGUAGE_STANDARD = gnu99;
				GCC_NO_COMMON_BLOCKS = YES;
				GCC_WARN_64_TO_32_BIT_CONVERSION = YES;
				GCC_WARN_ABOUT_RETURN_TYPE = YES_ERROR;
				GCC_WARN_UNDECLARED_SELECTOR = YES;
				GCC_WARN_UNINITIALIZED_AUTOS = YES_AGGRESSIVE;
				GCC_WARN_UNUSED_FUNCTION = YES;
				GCC_WARN_UNUSED_VARIABLE = YES;
				IPHONEOS_DEPLOYMENT_TARGET = 10.0;
				MTL_ENABLE_DEBUG_INFO = NO;
				SDKROOT = iphoneos;
				SWIFT_OPTIMIZATION_LEVEL = "-Owholemodule";
				TARGETED_DEVICE_FAMILY = "1,2";
				VALIDATE_PRODUCT = YES;
			};
			name = Release;
		};
		5A1D3B481DAE142C00DE2266 /* Debug */ = {
			isa = XCBuildConfiguration;
			baseConfigurationReference = 5589B8534B2D9BF9612AD808 /* Pods-VPNSwitch.debug.xcconfig */;
			buildSettings = {
				ALWAYS_EMBED_SWIFT_STANDARD_LIBRARIES = YES;
				ASSETCATALOG_COMPILER_APPICON_NAME = AppIcon;
				CLANG_ENABLE_MODULES = YES;
				CODE_SIGN_ENTITLEMENTS = VPNSwitch/VPNSwitch.entitlements;
				"CODE_SIGN_IDENTITY[sdk=iphoneos*]" = "iPhone Developer";
				DEVELOPMENT_TEAM = LMJACF6T63;
				INFOPLIST_FILE = VPNSwitch/Info.plist;
				LD_RUNPATH_SEARCH_PATHS = "$(inherited) @executable_path/Frameworks";
				OTHER_SWIFT_FLAGS = "$(inherited)";
				PRODUCT_BUNDLE_IDENTIFIER = com.zangzhiya.vpnswitch;
				PRODUCT_NAME = "$(TARGET_NAME)";
				PROVISIONING_PROFILE = "a7166344-b87b-420a-9a60-25f315819560";
				PROVISIONING_PROFILE_SPECIFIER = VPNSwitch_Dev;
				SWIFT_OPTIMIZATION_LEVEL = "-Onone";
				SWIFT_VERSION = 3.0;
			};
			name = Debug;
		};
		5A1D3B491DAE142C00DE2266 /* Release */ = {
			isa = XCBuildConfiguration;
			baseConfigurationReference = 4A0DDC78208BA15A99B87518 /* Pods-VPNSwitch.release.xcconfig */;
			buildSettings = {
				ALWAYS_EMBED_SWIFT_STANDARD_LIBRARIES = YES;
				ASSETCATALOG_COMPILER_APPICON_NAME = AppIcon;
				CLANG_ENABLE_MODULES = YES;
				CODE_SIGN_ENTITLEMENTS = VPNSwitch/VPNSwitch.entitlements;
				"CODE_SIGN_IDENTITY[sdk=iphoneos*]" = "iPhone Distribution";
				DEVELOPMENT_TEAM = LMJACF6T63;
				INFOPLIST_FILE = VPNSwitch/Info.plist;
				LD_RUNPATH_SEARCH_PATHS = "$(inherited) @executable_path/Frameworks";
				OTHER_SWIFT_FLAGS = "$(inherited)";
				PRODUCT_BUNDLE_IDENTIFIER = com.zangzhiya.vpnswitch;
				PRODUCT_NAME = "$(TARGET_NAME)";
				PROVISIONING_PROFILE = "3181572a-3803-4bef-8885-22a105cc485f";
				PROVISIONING_PROFILE_SPECIFIER = VPNSwitch;
				SWIFT_VERSION = 3.0;
			};
			name = Release;
		};
		5A1D3B761DAE174800DE2266 /* Debug */ = {
			isa = XCBuildConfiguration;
			baseConfigurationReference = B5AF231A5EE8E01F0C3D789E /* Pods-TodayExtension.debug.xcconfig */;
			buildSettings = {
				CODE_SIGN_ENTITLEMENTS = TodayExtension/TodayExtension.entitlements;
				"CODE_SIGN_IDENTITY[sdk=iphoneos*]" = "iPhone Developer";
				DEVELOPMENT_TEAM = LMJACF6T63;
				INFOPLIST_FILE = TodayExtension/Info.plist;
				LD_RUNPATH_SEARCH_PATHS = "$(inherited) @executable_path/Frameworks @executable_path/../../Frameworks";
				OTHER_SWIFT_FLAGS = "$(inherited)";
				PRODUCT_BUNDLE_IDENTIFIER = com.zangzhiya.vpnswitch.todaywidget;
				PRODUCT_NAME = "$(TARGET_NAME)";
				PROVISIONING_PROFILE = "9ea5ff2e-8291-44d7-a307-3f7eb9bf8dd5";
				PROVISIONING_PROFILE_SPECIFIER = VPNSwitchTodayWidget_Dev;
				SKIP_INSTALL = YES;
				SWIFT_VERSION = 3.0;
				TARGETED_DEVICE_FAMILY = "1,2";
			};
			name = Debug;
		};
		5A1D3B771DAE174800DE2266 /* Release */ = {
			isa = XCBuildConfiguration;
			baseConfigurationReference = DF666D60C78BD8CBDF153B75 /* Pods-TodayExtension.release.xcconfig */;
			buildSettings = {
				CODE_SIGN_ENTITLEMENTS = TodayExtension/TodayExtension.entitlements;
				"CODE_SIGN_IDENTITY[sdk=iphoneos*]" = "iPhone Distribution";
				DEVELOPMENT_TEAM = LMJACF6T63;
				INFOPLIST_FILE = TodayExtension/Info.plist;
				LD_RUNPATH_SEARCH_PATHS = "$(inherited) @executable_path/Frameworks @executable_path/../../Frameworks";
				OTHER_SWIFT_FLAGS = "$(inherited)";
				PRODUCT_BUNDLE_IDENTIFIER = com.zangzhiya.vpnswitch.todaywidget;
				PRODUCT_NAME = "$(TARGET_NAME)";
				PROVISIONING_PROFILE = "13ee9ae2-1f27-4a79-94f9-888808ca649d";
				PROVISIONING_PROFILE_SPECIFIER = VPNSwitchTodayWidget;
				SKIP_INSTALL = YES;
				SWIFT_VERSION = 3.0;
				TARGETED_DEVICE_FAMILY = "1,2";
			};
			name = Release;
		};
/* End XCBuildConfiguration section */

/* Begin XCConfigurationList section */
		5A1D3B301DAE142C00DE2266 /* Build configuration list for PBXProject "VPNSwitch" */ = {
			isa = XCConfigurationList;
			buildConfigurations = (
				5A1D3B451DAE142C00DE2266 /* Debug */,
				5A1D3B461DAE142C00DE2266 /* Release */,
			);
			defaultConfigurationIsVisible = 0;
			defaultConfigurationName = Release;
		};
		5A1D3B471DAE142C00DE2266 /* Build configuration list for PBXNativeTarget "VPNSwitch" */ = {
			isa = XCConfigurationList;
			buildConfigurations = (
				5A1D3B481DAE142C00DE2266 /* Debug */,
				5A1D3B491DAE142C00DE2266 /* Release */,
			);
			defaultConfigurationIsVisible = 0;
			defaultConfigurationName = Release;
		};
		5A1D3B781DAE174800DE2266 /* Build configuration list for PBXNativeTarget "TodayExtension" */ = {
			isa = XCConfigurationList;
			buildConfigurations = (
				5A1D3B761DAE174800DE2266 /* Debug */,
				5A1D3B771DAE174800DE2266 /* Release */,
			);
			defaultConfigurationIsVisible = 0;
			defaultConfigurationName = Release;
		};
/* End XCConfigurationList section */
	};
	rootObject = 5A1D3B2D1DAE142C00DE2266 /* Project object */;
}
